{
  "name": "@hanzc/swagger-mcp",
  "version": "0.1.0",
  "lockfileVersion": 3,
  "requires": true,
  "packages": {
    "": {
      "name": "@hanzc/swagger-mcp",
      "version": "0.1.0",
      "license": "MIT",
      "bin": {
        "swagger-mcp": "bin/swagger-mcp.js"
      },
      "engines": {
        "node": ">=18"
      }
    }
  }
}
